// !$*UTF8*$!
{
	archiveVersion = 1;
	classes = {
	};
	objectVersion = 50;
	objects = {

/* Begin PBXBuildFile section */
		5281AF9F24B1389000C882C8 /* AppDelegate.swift in Sources */ = {isa = PBXBuildFile; fileRef = 5281AF9E24B1389000C882C8 /* AppDelegate.swift */; };
		5281AFA124B1389000C882C8 /* SceneDelegate.swift in Sources */ = {isa = PBXBuildFile; fileRef = 5281AFA024B1389000C882C8 /* SceneDelegate.swift */; };
		5281AFA324B1389000C882C8 /* ContentView.swift in Sources */ = {isa = PBXBuildFile; fileRef = 5281AFA224B1389000C882C8 /* ContentView.swift */; };
		5281AFA524B1389100C882C8 /* Assets.xcassets in Resources */ = {isa = PBXBuildFile; fileRef = 5281AFA424B1389100C882C8 /* Assets.xcassets */; };
		5281AFA824B1389100C882C8 /* Preview Assets.xcassets in Resources */ = {isa = PBXBuildFile; fileRef = 5281AFA724B1389100C882C8 /* Preview Assets.xcassets */; };
		5281AFAB24B1389100C882C8 /* LaunchScreen.storyboard in Resources */ = {isa = PBXBuildFile; fileRef = 5281AFA924B1389100C882C8 /* LaunchScreen.storyboard */; };
		5281AFB324B13CE100C882C8 /* Bundle+.swift in Sources */ = {isa = PBXBuildFile; fileRef = 5281AFB224B13CE100C882C8 /* Bundle+.swift */; };
		5281AFB524B13D0900C882C8 /* CouncilMember.swift in Sources */ = {isa = PBXBuildFile; fileRef = 5281AFB424B13D0900C882C8 /* CouncilMember.swift */; };
		5281AFB724B13E8000C882C8 /* CouncilMembers.json in Resources */ = {isa = PBXBuildFile; fileRef = 5281AFB624B13E8000C882C8 /* CouncilMembers.json */; };
/* End PBXBuildFile section */

/* Begin PBXFileReference section */
		5281AF9B24B1389000C882C8 /* voices-nyc.app */ = {isa = PBXFileReference; explicitFileType = wrapper.application; includeInIndex = 0; path = "voices-nyc.app"; sourceTree = BUILT_PRODUCTS_DIR; };
		5281AF9E24B1389000C882C8 /* AppDelegate.swift */ = {isa = PBXFileReference; lastKnownFileType = sourcecode.swift; path = AppDelegate.swift; sourceTree = "<group>"; };
		5281AFA024B1389000C882C8 /* SceneDelegate.swift */ = {isa = PBXFileReference; lastKnownFileType = sourcecode.swift; path = SceneDelegate.swift; sourceTree = "<group>"; };
		5281AFA224B1389000C882C8 /* ContentView.swift */ = {isa = PBXFileReference; lastKnownFileType = sourcecode.swift; path = ContentView.swift; sourceTree = "<group>"; };
		5281AFA424B1389100C882C8 /* Assets.xcassets */ = {isa = PBXFileReference; lastKnownFileType = folder.assetcatalog; path = Assets.xcassets; sourceTree = "<group>"; };
		5281AFA724B1389100C882C8 /* Preview Assets.xcassets */ = {isa = PBXFileReference; lastKnownFileType = folder.assetcatalog; path = "Preview Assets.xcassets"; sourceTree = "<group>"; };
		5281AFAA24B1389100C882C8 /* Base */ = {isa = PBXFileReference; lastKnownFileType = file.storyboard; name = Base; path = Base.lproj/LaunchScreen.storyboard; sourceTree = "<group>"; };
		5281AFAC24B1389100C882C8 /* Info.plist */ = {isa = PBXFileReference; lastKnownFileType = text.plist.xml; path = Info.plist; sourceTree = "<group>"; };
		5281AFB224B13CE100C882C8 /* Bundle+.swift */ = {isa = PBXFileReference; lastKnownFileType = sourcecode.swift; path = "Bundle+.swift"; sourceTree = "<group>"; };
		5281AFB424B13D0900C882C8 /* CouncilMember.swift */ = {isa = PBXFileReference; lastKnownFileType = sourcecode.swift; path = CouncilMember.swift; sourceTree = "<group>"; };
		5281AFB624B13E8000C882C8 /* CouncilMembers.json */ = {isa = PBXFileReference; lastKnownFileType = text.json; path = CouncilMembers.json; sourceTree = "<group>"; };
/* End PBXFileReference section */

/* Begin PBXFrameworksBuildPhase section */
		5281AF9824B1389000C882C8 /* Frameworks */ = {
			isa = PBXFrameworksBuildPhase;
			buildActionMask = 2147483647;
			files = (
			);
			runOnlyForDeploymentPostprocessing = 0;
		};
/* End PBXFrameworksBuildPhase section */

/* Begin PBXGroup section */
		5281AF9224B1389000C882C8 = {
			isa = PBXGroup;
			children = (
				5281AF9D24B1389000C882C8 /* voices-nyc */,
				5281AF9C24B1389000C882C8 /* Products */,
			);
			sourceTree = "<group>";
		};
		5281AF9C24B1389000C882C8 /* Products */ = {
			isa = PBXGroup;
			children = (
				5281AF9B24B1389000C882C8 /* voices-nyc.app */,
			);
			name = Products;
			sourceTree = "<group>";
		};
		5281AF9D24B1389000C882C8 /* voices-nyc */ = {
			isa = PBXGroup;
			children = (
				5281AF9E24B1389000C882C8 /* AppDelegate.swift */,
				5281AFA024B1389000C882C8 /* SceneDelegate.swift */,
				5281AFA224B1389000C882C8 /* ContentView.swift */,
				5281AFB224B13CE100C882C8 /* Bundle+.swift */,
				5281AFB424B13D0900C882C8 /* CouncilMember.swift */,
				5281AFB624B13E8000C882C8 /* CouncilMembers.json */,
				5281AFA424B1389100C882C8 /* Assets.xcassets */,
				5281AFA924B1389100C882C8 /* LaunchScreen.storyboard */,
				5281AFAC24B1389100C882C8 /* Info.plist */,
				5281AFA624B1389100C882C8 /* Preview Content */,
			);
			path = "voices-nyc";
			sourceTree = "<group>";
		};
		5281AFA624B1389100C882C8 /* Preview Content */ = {
			isa = PBXGroup;
			children = (
				5281AFA724B1389100C882C8 /* Preview Assets.xcassets */,
			);
			path = "Preview Content";
			sourceTree = "<group>";
		};
/* End PBXGroup section */

/* Begin PBXNativeTarget section */
		5281AF9A24B1389000C882C8 /* voices-nyc */ = {
			isa = PBXNativeTarget;
			buildConfigurationList = 5281AFAF24B1389100C882C8 /* Build configuration list for PBXNativeTarget "voices-nyc" */;
			buildPhases = (
				5281AF9724B1389000C882C8 /* Sources */,
				5281AF9824B1389000C882C8 /* Frameworks */,
				5281AF9924B1389000C882C8 /* Resources */,
			);
			buildRules = (
			);
			dependencies = (
			);
			name = "voices-nyc";
			productName = "voices-nyc";
			productReference = 5281AF9B24B1389000C882C8 /* voices-nyc.app */;
			productType = "com.apple.product-type.application";
		};
/* End PBXNativeTarget section */

/* Begin PBXProject section */
		5281AF9324B1389000C882C8 /* Project object */ = {
			isa = PBXProject;
			attributes = {
				LastSwiftUpdateCheck = 1150;
				LastUpgradeCheck = 1150;
				ORGANIZATIONNAME = "John Bogil";
				TargetAttributes = {
					5281AF9A24B1389000C882C8 = {
						CreatedOnToolsVersion = 11.5;
					};
				};
			};
			buildConfigurationList = 5281AF9624B1389000C882C8 /* Build configuration list for PBXProject "voices-nyc" */;
			compatibilityVersion = "Xcode 9.3";
			developmentRegion = en;
			hasScannedForEncodings = 0;
			knownRegions = (
				en,
				Base,
			);
			mainGroup = 5281AF9224B1389000C882C8;
			productRefGroup = 5281AF9C24B1389000C882C8 /* Products */;
			projectDirPath = "";
			projectRoot = "";
			targets = (
				5281AF9A24B1389000C882C8 /* voices-nyc */,
			);
		};
/* End PBXProject section */

/* Begin PBXResourcesBuildPhase section */
		5281AF9924B1389000C882C8 /* Resources */ = {
			isa = PBXResourcesBuildPhase;
			buildActionMask = 2147483647;
			files = (
				5281AFAB24B1389100C882C8 /* LaunchScreen.storyboard in Resources */,
				5281AFA824B1389100C882C8 /* Preview Assets.xcassets in Resources */,
				5281AFA524B1389100C882C8 /* Assets.xcassets in Resources */,
				5281AFB724B13E8000C882C8 /* CouncilMembers.json in Resources */,
			);
			runOnlyForDeploymentPostprocessing = 0;
		};
/* End PBXResourcesBuildPhase section */

/* Begin PBXSourcesBuildPhase section */
		5281AF9724B1389000C882C8 /* Sources */ = {
			isa = PBXSourcesBuildPhase;
			buildActionMask = 2147483647;
			files = (
				5281AF9F24B1389000C882C8 /* AppDelegate.swift in Sources */,
				5281AFB324B13CE100C882C8 /* Bundle+.swift in Sources */,
				5281AFA124B1389000C882C8 /* SceneDelegate.swift in Sources */,
				5281AFA324B1389000C882C8 /* ContentView.swift in Sources */,
				5281AFB524B13D0900C882C8 /* CouncilMember.swift in Sources */,
			);
			runOnlyForDeploymentPostprocessing = 0;
		};
/* End PBXSourcesBuildPhase section */

/* Begin PBXVariantGroup section */
		5281AFA924B1389100C882C8 /* LaunchScreen.storyboard */ = {
			isa = PBXVariantGroup;
			children = (
				5281AFAA24B1389100C882C8 /* Base */,
			);
			name = LaunchScreen.storyboard;
			sourceTree = "<group>";
		};
/* End PBXVariantGroup section */

/* Begin XCBuildConfiguration section */
		5281AFAD24B1389100C882C8 /* Debug */ = {
			isa = XCBuildConfiguration;
			buildSettings = {
				ALWAYS_SEARCH_USER_PATHS = NO;
				CLANG_ANALYZER_NONNULL = YES;
				CLANG_ANALYZER_NUMBER_OBJECT_CONVERSION = YES_AGGRESSIVE;
				CLANG_CXX_LANGUAGE_STANDARD = "gnu++14";
				CLANG_CXX_LIBRARY = "libc++";
				CLANG_ENABLE_MODULES = YES;
				CLANG_ENABLE_OBJC_ARC = YES;
				CLANG_ENABLE_OBJC_WEAK = YES;
				CLANG_WARN_BLOCK_CAPTURE_AUTORELEASING = YES;
				CLANG_WARN_BOOL_CONVERSION = YES;
				CLANG_WARN_COMMA = YES;
				CLANG_WARN_CONSTANT_CONVERSION = YES;
				CLANG_WARN_DEPRECATED_OBJC_IMPLEMENTATIONS = YES;
				CLANG_WARN_DIRECT_OBJC_ISA_USAGE = YES_ERROR;
				CLANG_WARN_DOCUMENTATION_COMMENTS = YES;
				CLANG_WARN_EMPTY_BODY = YES;
				CLANG_WARN_ENUM_CONVERSION = YES;
				CLANG_WARN_INFINITE_RECURSION = YES;
				CLANG_WARN_INT_CONVERSION = YES;
				CLANG_WARN_NON_LITERAL_NULL_CONVERSION = YES;
				CLANG_WARN_OBJC_IMPLICIT_RETAIN_SELF = YES;
				CLANG_WARN_OBJC_LITERAL_CONVERSION = YES;
				CLANG_WARN_OBJC_ROOT_CLASS = YES_ERROR;
				CLANG_WARN_RANGE_LOOP_ANALYSIS = YES;
				CLANG_WARN_STRICT_PROTOTYPES = YES;
				CLANG_WARN_SUSPICIOUS_MOVE = YES;
				CLANG_WARN_UNGUARDED_AVAILABILITY = YES_AGGRESSIVE;
				CLANG_WARN_UNREACHABLE_CODE = YES;
				CLANG_WARN__DUPLICATE_METHOD_MATCH = YES;
				COPY_PHASE_STRIP = NO;
				DEBUG_INFORMATION_FORMAT = dwarf;
				ENABLE_STRICT_OBJC_MSGSEND = YES;
				ENABLE_TESTABILITY = YES;
				GCC_C_LANGUAGE_STANDARD = gnu11;
				GCC_DYNAMIC_NO_PIC = NO;
				GCC_NO_COMMON_BLOCKS = YES;
				GCC_OPTIMIZATION_LEVEL = 0;
				GCC_PREPROCESSOR_DEFINITIONS = (
					"DEBUG=1",
					"$(inherited)",
				);
				GCC_WARN_64_TO_32_BIT_CONVERSION = YES;
				GCC_WARN_ABOUT_RETURN_TYPE = YES_ERROR;
				GCC_WARN_UNDECLARED_SELECTOR = YES;
				GCC_WARN_UNINITIALIZED_AUTOS = YES_AGGRESSIVE;
				GCC_WARN_UNUSED_FUNCTION = YES;
				GCC_WARN_UNUSED_VARIABLE = YES;
				IPHONEOS_DEPLOYMENT_TARGET = 13.5;
				MTL_ENABLE_DEBUG_INFO = INCLUDE_SOURCE;
				MTL_FAST_MATH = YES;
				ONLY_ACTIVE_ARCH = YES;
				SDKROOT = iphoneos;
				SWIFT_ACTIVE_COMPILATION_CONDITIONS = DEBUG;
				SWIFT_OPTIMIZATION_LEVEL = "-Onone";
			};
			name = Debug;
		};
		5281AFAE24B1389100C882C8 /* Release */ = {
			isa = XCBuildConfiguration;
			buildSettings = {
				ALWAYS_SEARCH_USER_PATHS = NO;
				CLANG_ANALYZER_NONNULL = YES;
				CLANG_ANALYZER_NUMBER_OBJECT_CONVERSION = YES_AGGRESSIVE;
				CLANG_CXX_LANGUAGE_STANDARD = "gnu++14";
				CLANG_CXX_LIBRARY = "libc++";
				CLANG_ENABLE_MODULES = YES;
				CLANG_ENABLE_OBJC_ARC = YES;
				CLANG_ENABLE_OBJC_WEAK = YES;
				CLANG_WARN_BLOCK_CAPTURE_AUTORELEASING = YES;
				CLANG_WARN_BOOL_CONVERSION = YES;
				CLANG_WARN_COMMA = YES;
				CLANG_WARN_CONSTANT_CONVERSION = YES;
				CLANG_WARN_DEPRECATED_OBJC_IMPLEMENTATIONS = YES;
				CLANG_WARN_DIRECT_OBJC_ISA_USAGE = YES_ERROR;
				CLANG_WARN_DOCUMENTATION_COMMENTS = YES;
				CLANG_WARN_EMPTY_BODY = YES;
				CLANG_WARN_ENUM_CONVERSION = YES;
				CLANG_WARN_INFINITE_RECURSION = YES;
				CLANG_WARN_INT_CONVERSION = YES;
				CLANG_WARN_NON_LITERAL_NULL_CONVERSION = YES;
				CLANG_WARN_OBJC_IMPLICIT_RETAIN_SELF = YES;
				CLANG_WARN_OBJC_LITERAL_CONVERSION = YES;
				CLANG_WARN_OBJC_ROOT_CLASS = YES_ERROR;
				CLANG_WARN_RANGE_LOOP_ANALYSIS = YES;
				CLANG_WARN_STRICT_PROTOTYPES = YES;
				CLANG_WARN_SUSPICIOUS_MOVE = YES;
				CLANG_WARN_UNGUARDED_AVAILABILITY = YES_AGGRESSIVE;
				CLANG_WARN_UNREACHABLE_CODE = YES;
				CLANG_WARN__DUPLICATE_METHOD_MATCH = YES;
				COPY_PHASE_STRIP = NO;
				DEBUG_INFORMATION_FORMAT = "dwarf-with-dsym";
				ENABLE_NS_ASSERTIONS = NO;
				ENABLE_STRICT_OBJC_MSGSEND = YES;
				GCC_C_LANGUAGE_STANDARD = gnu11;
				GCC_NO_COMMON_BLOCKS = YES;
				GCC_WARN_64_TO_32_BIT_CONVERSION = YES;
				GCC_WARN_ABOUT_RETURN_TYPE = YES_ERROR;
				GCC_WARN_UNDECLARED_SELECTOR = YES;
				GCC_WARN_UNINITIALIZED_AUTOS = YES_AGGRESSIVE;
				GCC_WARN_UNUSED_FUNCTION = YES;
				GCC_WARN_UNUSED_VARIABLE = YES;
				IPHONEOS_DEPLOYMENT_TARGET = 13.5;
				MTL_ENABLE_DEBUG_INFO = NO;
				MTL_FAST_MATH = YES;
				SDKROOT = iphoneos;
				SWIFT_COMPILATION_MODE = wholemodule;
				SWIFT_OPTIMIZATION_LEVEL = "-O";
				VALIDATE_PRODUCT = YES;
			};
			name = Release;
		};
		5281AFB024B1389100C882C8 /* Debug */ = {
			isa = XCBuildConfiguration;
			buildSettings = {
				ASSETCATALOG_COMPILER_APPICON_NAME = AppIcon;
				CODE_SIGN_STYLE = Automatic;
				DEVELOPMENT_ASSET_PATHS = "\"voices-nyc/Preview Content\"";
				DEVELOPMENT_TEAM = 4Y3GGL46D2;
				ENABLE_PREVIEWS = YES;
				INFOPLIST_FILE = "voices-nyc/Info.plist";
				LD_RUNPATH_SEARCH_PATHS = (
					"$(inherited)",
					"@executable_path/Frameworks",
				);
				PRODUCT_BUNDLE_IDENTIFIER = "com.johnbogil.voices-nyc";
				PRODUCT_NAME = "$(TARGET_NAME)";
				SWIFT_VERSION = 5.0;
				TARGETED_DEVICE_FAMILY = "1,2";
			};
			name = Debug;
		};
		5281AFB124B1389100C882C8 /* Release */ = {
			isa = XCBuildConfiguration;
			buildSettings = {
				ASSETCATALOG_COMPILER_APPICON_NAME = AppIcon;
				CODE_SIGN_STYLE = Automatic;
				DEVELOPMENT_ASSET_PATHS = "\"voices-nyc/Preview Content\"";
				DEVELOPMENT_TEAM = 4Y3GGL46D2;
				ENABLE_PREVIEWS = YES;
				INFOPLIST_FILE = "voices-nyc/Info.plist";
				LD_RUNPATH_SEARCH_PATHS = (
					"$(inherited)",
					"@executable_path/Frameworks",
				);
				PRODUCT_BUNDLE_IDENTIFIER = "com.johnbogil.voices-nyc";
				PRODUCT_NAME = "$(TARGET_NAME)";
				SWIFT_VERSION = 5.0;
				TARGETED_DEVICE_FAMILY = "1,2";
			};
			name = Release;
		};
/* End XCBuildConfiguration section */

/* Begin XCConfigurationList section */
		5281AF9624B1389000C882C8 /* Build configuration list for PBXProject "voices-nyc" */ = {
			isa = XCConfigurationList;
			buildConfigurations = (
				5281AFAD24B1389100C882C8 /* Debug */,
				5281AFAE24B1389100C882C8 /* Release */,
			);
			defaultConfigurationIsVisible = 0;
			defaultConfigurationName = Release;
		};
		5281AFAF24B1389100C882C8 /* Build configuration list for PBXNativeTarget "voices-nyc" */ = {
			isa = XCConfigurationList;
			buildConfigurations = (
				5281AFB024B1389100C882C8 /* Debug */,
				5281AFB124B1389100C882C8 /* Release */,
			);
			defaultConfigurationIsVisible = 0;
			defaultConfigurationName = Release;
		};
/* End XCConfigurationList section */
	};
	rootObject = 5281AF9324B1389000C882C8 /* Project object */;
}
